// !$*UTF8*$!
{
	archiveVersion = 1;
	classes = {
	};
	objectVersion = 46;
	objects = {

/* Begin PBXBuildFile section */
		2E81FC861C5B9C4000387A8B /* main.m in Sources */ = {isa = PBXBuildFile; fileRef = 2E81FC851C5B9C4000387A8B /* main.m */; };
		2E81FC8F1C5B9C4000387A8B /* Main.storyboard in Resources */ = {isa = PBXBuildFile; fileRef = 2E81FC8D1C5B9C4000387A8B /* Main.storyboard */; };
		2E81FC911C5B9C4000387A8B /* Assets.xcassets in Resources */ = {isa = PBXBuildFile; fileRef = 2E81FC901C5B9C4000387A8B /* Assets.xcassets */; };
		2E81FC941C5B9C4000387A8B /* LaunchScreen.storyboard in Resources */ = {isa = PBXBuildFile; fileRef = 2E81FC921C5B9C4000387A8B /* LaunchScreen.storyboard */; };
		2E81FC9F1C5B9C4000387A8B /* FJKitTests.m in Sources */ = {isa = PBXBuildFile; fileRef = 2E81FC9E1C5B9C4000387A8B /* FJKitTests.m */; };
		2E81FCAA1C5B9C4000387A8B /* FJKitUITests.m in Sources */ = {isa = PBXBuildFile; fileRef = 2E81FCA91C5B9C4000387A8B /* FJKitUITests.m */; };
		2E81FCC01C5B9E6C00387A8B /* ViewController.m in Sources */ = {isa = PBXBuildFile; fileRef = 2E81FCBB1C5B9E6C00387A8B /* ViewController.m */; };
		2E81FCC11C5B9E6C00387A8B /* AppDelegate.m in Sources */ = {isa = PBXBuildFile; fileRef = 2E81FCBE1C5B9E6C00387A8B /* AppDelegate.m */; };
		2E81FCCD1C5BA05500387A8B /* UINavigationItem+flexible.m in Sources */ = {isa = PBXBuildFile; fileRef = 2E81FCCC1C5BA05500387A8B /* UINavigationItem+flexible.m */; };
		2E81FCD01C5BA0AD00387A8B /* FJColor.m in Sources */ = {isa = PBXBuildFile; fileRef = 2E81FCCF1C5BA0AD00387A8B /* FJColor.m */; };
/* End PBXBuildFile section */

/* Begin PBXContainerItemProxy section */
		2E81FC9B1C5B9C4000387A8B /* PBXContainerItemProxy */ = {
			isa = PBXContainerItemProxy;
			containerPortal = 2E81FC791C5B9C4000387A8B /* Project object */;
			proxyType = 1;
			remoteGlobalIDString = 2E81FC801C5B9C4000387A8B;
			remoteInfo = FJKit;
		};
		2E81FCA61C5B9C4000387A8B /* PBXContainerItemProxy */ = {
			isa = PBXContainerItemProxy;
			containerPortal = 2E81FC791C5B9C4000387A8B /* Project object */;
			proxyType = 1;
			remoteGlobalIDString = 2E81FC801C5B9C4000387A8B;
			remoteInfo = FJKit;
		};
/* End PBXContainerItemProxy section */

/* Begin PBXFileReference section */
		2E81FC811C5B9C4000387A8B /* FJKit.app */ = {isa = PBXFileReference; explicitFileType = wrapper.application; includeInIndex = 0; path = FJKit.app; sourceTree = BUILT_PRODUCTS_DIR; };
		2E81FC851C5B9C4000387A8B /* main.m */ = {isa = PBXFileReference; lastKnownFileType = sourcecode.c.objc; lineEnding = 0; path = main.m; sourceTree = "<group>"; xcLanguageSpecificationIdentifier = xcode.lang.objc; };
		2E81FC8E1C5B9C4000387A8B /* Base */ = {isa = PBXFileReference; lastKnownFileType = file.storyboard; name = Base; path = Base.lproj/Main.storyboard; sourceTree = "<group>"; };
		2E81FC901C5B9C4000387A8B /* Assets.xcassets */ = {isa = PBXFileReference; lastKnownFileType = folder.assetcatalog; path = Assets.xcassets; sourceTree = "<group>"; };
		2E81FC931C5B9C4000387A8B /* Base */ = {isa = PBXFileReference; lastKnownFileType = file.storyboard; name = Base; path = Base.lproj/LaunchScreen.storyboard; sourceTree = "<group>"; };
		2E81FC951C5B9C4000387A8B /* Info.plist */ = {isa = PBXFileReference; lastKnownFileType = text.plist.xml; path = Info.plist; sourceTree = "<group>"; };
		2E81FC9A1C5B9C4000387A8B /* FJKitTests.xctest */ = {isa = PBXFileReference; explicitFileType = wrapper.cfbundle; includeInIndex = 0; path = FJKitTests.xctest; sourceTree = BUILT_PRODUCTS_DIR; };
		2E81FC9E1C5B9C4000387A8B /* FJKitTests.m */ = {isa = PBXFileReference; lastKnownFileType = sourcecode.c.objc; lineEnding = 0; path = FJKitTests.m; sourceTree = "<group>"; xcLanguageSpecificationIdentifier = xcode.lang.objc; };
		2E81FCA01C5B9C4000387A8B /* Info.plist */ = {isa = PBXFileReference; lastKnownFileType = text.plist.xml; path = Info.plist; sourceTree = "<group>"; };
		2E81FCA51C5B9C4000387A8B /* FJKitUITests.xctest */ = {isa = PBXFileReference; explicitFileType = wrapper.cfbundle; includeInIndex = 0; path = FJKitUITests.xctest; sourceTree = BUILT_PRODUCTS_DIR; };
		2E81FCA91C5B9C4000387A8B /* FJKitUITests.m */ = {isa = PBXFileReference; lastKnownFileType = sourcecode.c.objc; lineEnding = 0; path = FJKitUITests.m; sourceTree = "<group>"; xcLanguageSpecificationIdentifier = xcode.lang.objc; };
		2E81FCAB1C5B9C4000387A8B /* Info.plist */ = {isa = PBXFileReference; lastKnownFileType = text.plist.xml; path = Info.plist; sourceTree = "<group>"; };
		2E81FCBA1C5B9E6C00387A8B /* ViewController.h */ = {isa = PBXFileReference; fileEncoding = 4; lastKnownFileType = sourcecode.c.h; path = ViewController.h; sourceTree = "<group>"; };
		2E81FCBB1C5B9E6C00387A8B /* ViewController.m */ = {isa = PBXFileReference; fileEncoding = 4; lastKnownFileType = sourcecode.c.objc; path = ViewController.m; sourceTree = "<group>"; };
		2E81FCBD1C5B9E6C00387A8B /* AppDelegate.h */ = {isa = PBXFileReference; fileEncoding = 4; lastKnownFileType = sourcecode.c.h; path = AppDelegate.h; sourceTree = "<group>"; };
		2E81FCBE1C5B9E6C00387A8B /* AppDelegate.m */ = {isa = PBXFileReference; fileEncoding = 4; lastKnownFileType = sourcecode.c.objc; path = AppDelegate.m; sourceTree = "<group>"; };
		2E81FCCB1C5BA05500387A8B /* UINavigationItem+flexible.h */ = {isa = PBXFileReference; fileEncoding = 4; lastKnownFileType = sourcecode.c.h; path = "UINavigationItem+flexible.h"; sourceTree = "<group>"; };
		2E81FCCC1C5BA05500387A8B /* UINavigationItem+flexible.m */ = {isa = PBXFileReference; fileEncoding = 4; lastKnownFileType = sourcecode.c.objc; path = "UINavigationItem+flexible.m"; sourceTree = "<group>"; };
		2E81FCCE1C5BA0AD00387A8B /* FJColor.h */ = {isa = PBXFileReference; fileEncoding = 4; lastKnownFileType = sourcecode.c.h; path = FJColor.h; sourceTree = "<group>"; };
		2E81FCCF1C5BA0AD00387A8B /* FJColor.m */ = {isa = PBXFileReference; fileEncoding = 4; lastKnownFileType = sourcecode.c.objc; path = FJColor.m; sourceTree = "<group>"; };
/* End PBXFileReference section */

/* Begin PBXFrameworksBuildPhase section */
		2E81FC7E1C5B9C4000387A8B /* Frameworks */ = {
			isa = PBXFrameworksBuildPhase;
			buildActionMask = 2147483647;
			files = (
			);
			runOnlyForDeploymentPostprocessing = 0;
		};
		2E81FC971C5B9C4000387A8B /* Frameworks */ = {
			isa = PBXFrameworksBuildPhase;
			buildActionMask = 2147483647;
			files = (
			);
			runOnlyForDeploymentPostprocessing = 0;
		};
		2E81FCA21C5B9C4000387A8B /* Frameworks */ = {
			isa = PBXFrameworksBuildPhase;
			buildActionMask = 2147483647;
			files = (
			);
			runOnlyForDeploymentPostprocessing = 0;
		};
/* End PBXFrameworksBuildPhase section */

/* Begin PBXGroup section */
		2E81FC781C5B9C4000387A8B = {
			isa = PBXGroup;
			children = (
				2E81FC831C5B9C4000387A8B /* FJKit */,
				2E81FC9D1C5B9C4000387A8B /* FJKitTests */,
				2E81FCA81C5B9C4000387A8B /* FJKitUITests */,
				2E81FC821C5B9C4000387A8B /* Products */,
			);
			sourceTree = "<group>";
		};
		2E81FC821C5B9C4000387A8B /* Products */ = {
			isa = PBXGroup;
			children = (
				2E81FC811C5B9C4000387A8B /* FJKit.app */,
				2E81FC9A1C5B9C4000387A8B /* FJKitTests.xctest */,
				2E81FCA51C5B9C4000387A8B /* FJKitUITests.xctest */,
			);
			name = Products;
			sourceTree = "<group>";
		};
		2E81FC831C5B9C4000387A8B /* FJKit */ = {
			isa = PBXGroup;
			children = (
				2E81FCB71C5B9E6C00387A8B /* Classes */,
				2E81FC8D1C5B9C4000387A8B /* Main.storyboard */,
				2E81FC901C5B9C4000387A8B /* Assets.xcassets */,
				2E81FC921C5B9C4000387A8B /* LaunchScreen.storyboard */,
				2E81FC951C5B9C4000387A8B /* Info.plist */,
				2E81FC841C5B9C4000387A8B /* Supporting Files */,
			);
			path = FJKit;
			sourceTree = "<group>";
		};
		2E81FC841C5B9C4000387A8B /* Supporting Files */ = {
			isa = PBXGroup;
			children = (
				2E81FC851C5B9C4000387A8B /* main.m */,
			);
			name = "Supporting Files";
			sourceTree = "<group>";
		};
		2E81FC9D1C5B9C4000387A8B /* FJKitTests */ = {
			isa = PBXGroup;
			children = (
				2E81FC9E1C5B9C4000387A8B /* FJKitTests.m */,
				2E81FCA01C5B9C4000387A8B /* Info.plist */,
			);
			path = FJKitTests;
			sourceTree = "<group>";
		};
		2E81FCA81C5B9C4000387A8B /* FJKitUITests */ = {
			isa = PBXGroup;
			children = (
				2E81FCA91C5B9C4000387A8B /* FJKitUITests.m */,
				2E81FCAB1C5B9C4000387A8B /* Info.plist */,
			);
			path = FJKitUITests;
			sourceTree = "<group>";
		};
		2E81FCB71C5B9E6C00387A8B /* Classes */ = {
			isa = PBXGroup;
			children = (
				2E81FCB81C5B9E6C00387A8B /* Category */,
				2E81FCB91C5B9E6C00387A8B /* Index */,
				2E81FCBC1C5B9E6C00387A8B /* Other */,
				2E81FCBF1C5B9E6C00387A8B /* Tools */,
			);
			path = Classes;
			sourceTree = "<group>";
		};
		2E81FCB81C5B9E6C00387A8B /* Category */ = {
			isa = PBXGroup;
			children = (
				2E81FCC81C5BA05500387A8B /* UIButton */,
				2E81FCC91C5BA05500387A8B /* UIColor */,
				2E81FCCA1C5BA05500387A8B /* UINavigationItem */,
			);
			path = Category;
			sourceTree = "<group>";
		};
		2E81FCB91C5B9E6C00387A8B /* Index */ = {
			isa = PBXGroup;
			children = (
				2E81FCBA1C5B9E6C00387A8B /* ViewController.h */,
				2E81FCBB1C5B9E6C00387A8B /* ViewController.m */,
			);
			path = Index;
			sourceTree = "<group>";
		};
		2E81FCBC1C5B9E6C00387A8B /* Other */ = {
			isa = PBXGroup;
			children = (
				2E81FCBD1C5B9E6C00387A8B /* AppDelegate.h */,
				2E81FCBE1C5B9E6C00387A8B /* AppDelegate.m */,
			);
			path = Other;
			sourceTree = "<group>";
		};
		2E81FCBF1C5B9E6C00387A8B /* Tools */ = {
			isa = PBXGroup;
			children = (
			);
			path = Tools;
			sourceTree = "<group>";
		};
		2E81FCC81C5BA05500387A8B /* UIButton */ = {
			isa = PBXGroup;
			children = (
			);
			path = UIButton;
			sourceTree = "<group>";
		};
		2E81FCC91C5BA05500387A8B /* UIColor */ = {
			isa = PBXGroup;
			children = (
				2E81FCCE1C5BA0AD00387A8B /* FJColor.h */,
				2E81FCCF1C5BA0AD00387A8B /* FJColor.m */,
			);
			path = UIColor;
			sourceTree = "<group>";
		};
		2E81FCCA1C5BA05500387A8B /* UINavigationItem */ = {
			isa = PBXGroup;
			children = (
				2E81FCCB1C5BA05500387A8B /* UINavigationItem+flexible.h */,
				2E81FCCC1C5BA05500387A8B /* UINavigationItem+flexible.m */,
			);
			path = UINavigationItem;
			sourceTree = "<group>";
		};
/* End PBXGroup section */

/* Begin PBXNativeTarget section */
		2E81FC801C5B9C4000387A8B /* FJKit */ = {
			isa = PBXNativeTarget;
			buildConfigurationList = 2E81FCAE1C5B9C4000387A8B /* Build configuration list for PBXNativeTarget "FJKit" */;
			buildPhases = (
				2E81FC7D1C5B9C4000387A8B /* Sources */,
				2E81FC7E1C5B9C4000387A8B /* Frameworks */,
				2E81FC7F1C5B9C4000387A8B /* Resources */,
			);
			buildRules = (
			);
			dependencies = (
			);
			name = FJKit;
			productName = FJKit;
			productReference = 2E81FC811C5B9C4000387A8B /* FJKit.app */;
			productType = "com.apple.product-type.application";
		};
		2E81FC991C5B9C4000387A8B /* FJKitTests */ = {
			isa = PBXNativeTarget;
			buildConfigurationList = 2E81FCB11C5B9C4000387A8B /* Build configuration list for PBXNativeTarget "FJKitTests" */;
			buildPhases = (
				2E81FC961C5B9C4000387A8B /* Sources */,
				2E81FC971C5B9C4000387A8B /* Frameworks */,
				2E81FC981C5B9C4000387A8B /* Resources */,
			);
			buildRules = (
			);
			dependencies = (
				2E81FC9C1C5B9C4000387A8B /* PBXTargetDependency */,
			);
			name = FJKitTests;
			productName = FJKitTests;
			productReference = 2E81FC9A1C5B9C4000387A8B /* FJKitTests.xctest */;
			productType = "com.apple.product-type.bundle.unit-test";
		};
		2E81FCA41C5B9C4000387A8B /* FJKitUITests */ = {
			isa = PBXNativeTarget;
			buildConfigurationList = 2E81FCB41C5B9C4000387A8B /* Build configuration list for PBXNativeTarget "FJKitUITests" */;
			buildPhases = (
				2E81FCA11C5B9C4000387A8B /* Sources */,
				2E81FCA21C5B9C4000387A8B /* Frameworks */,
				2E81FCA31C5B9C4000387A8B /* Resources */,
			);
			buildRules = (
			);
			dependencies = (
				2E81FCA71C5B9C4000387A8B /* PBXTargetDependency */,
			);
			name = FJKitUITests;
			productName = FJKitUITests;
			productReference = 2E81FCA51C5B9C4000387A8B /* FJKitUITests.xctest */;
			productType = "com.apple.product-type.bundle.ui-testing";
		};
/* End PBXNativeTarget section */

/* Begin PBXProject section */
		2E81FC791C5B9C4000387A8B /* Project object */ = {
			isa = PBXProject;
			attributes = {
				LastUpgradeCheck = 0720;
				ORGANIZATIONNAME = JohnGump;
				TargetAttributes = {
					2E81FC801C5B9C4000387A8B = {
						CreatedOnToolsVersion = 7.2;
					};
					2E81FC991C5B9C4000387A8B = {
						CreatedOnToolsVersion = 7.2;
						TestTargetID = 2E81FC801C5B9C4000387A8B;
					};
					2E81FCA41C5B9C4000387A8B = {
						CreatedOnToolsVersion = 7.2;
						TestTargetID = 2E81FC801C5B9C4000387A8B;
					};
				};
			};
			buildConfigurationList = 2E81FC7C1C5B9C4000387A8B /* Build configuration list for PBXProject "FJKit" */;
			compatibilityVersion = "Xcode 3.2";
			developmentRegion = English;
			hasScannedForEncodings = 0;
			knownRegions = (
				en,
				Base,
			);
			mainGroup = 2E81FC781C5B9C4000387A8B;
			productRefGroup = 2E81FC821C5B9C4000387A8B /* Products */;
			projectDirPath = "";
			projectRoot = "";
			targets = (
				2E81FC801C5B9C4000387A8B /* FJKit */,
				2E81FC991C5B9C4000387A8B /* FJKitTests */,
				2E81FCA41C5B9C4000387A8B /* FJKitUITests */,
			);
		};
/* End PBXProject section */

/* Begin PBXResourcesBuildPhase section */
		2E81FC7F1C5B9C4000387A8B /* Resources */ = {
			isa = PBXResourcesBuildPhase;
			buildActionMask = 2147483647;
			files = (
				2E81FC941C5B9C4000387A8B /* LaunchScreen.storyboard in Resources */,
				2E81FC911C5B9C4000387A8B /* Assets.xcassets in Resources */,
				2E81FC8F1C5B9C4000387A8B /* Main.storyboard in Resources */,
			);
			runOnlyForDeploymentPostprocessing = 0;
		};
		2E81FC981C5B9C4000387A8B /* Resources */ = {
			isa = PBXResourcesBuildPhase;
			buildActionMask = 2147483647;
			files = (
			);
			runOnlyForDeploymentPostprocessing = 0;
		};
		2E81FCA31C5B9C4000387A8B /* Resources */ = {
			isa = PBXResourcesBuildPhase;
			buildActionMask = 2147483647;
			files = (
			);
			runOnlyForDeploymentPostprocessing = 0;
		};
/* End PBXResourcesBuildPhase section */

/* Begin PBXSourcesBuildPhase section */
		2E81FC7D1C5B9C4000387A8B /* Sources */ = {
			isa = PBXSourcesBuildPhase;
			buildActionMask = 2147483647;
			files = (
				2E81FCC01C5B9E6C00387A8B /* ViewController.m in Sources */,
				2E81FCD01C5BA0AD00387A8B /* FJColor.m in Sources */,
				2E81FCCD1C5BA05500387A8B /* UINavigationItem+flexible.m in Sources */,
				2E81FC861C5B9C4000387A8B /* main.m in Sources */,
				2E81FCC11C5B9E6C00387A8B /* AppDelegate.m in Sources */,
			);
			runOnlyForDeploymentPostprocessing = 0;
		};
		2E81FC961C5B9C4000387A8B /* Sources */ = {
			isa = PBXSourcesBuildPhase;
			buildActionMask = 2147483647;
			files = (
				2E81FC9F1C5B9C4000387A8B /* FJKitTests.m in Sources */,
			);
			runOnlyForDeploymentPostprocessing = 0;
		};
		2E81FCA11C5B9C4000387A8B /* Sources */ = {
			isa = PBXSourcesBuildPhase;
			buildActionMask = 2147483647;
			files = (
				2E81FCAA1C5B9C4000387A8B /* FJKitUITests.m in Sources */,
			);
			runOnlyForDeploymentPostprocessing = 0;
		};
/* End PBXSourcesBuildPhase section */

/* Begin PBXTargetDependency section */
		2E81FC9C1C5B9C4000387A8B /* PBXTargetDependency */ = {
			isa = PBXTargetDependency;
			target = 2E81FC801C5B9C4000387A8B /* FJKit */;
			targetProxy = 2E81FC9B1C5B9C4000387A8B /* PBXContainerItemProxy */;
		};
		2E81FCA71C5B9C4000387A8B /* PBXTargetDependency */ = {
			isa = PBXTargetDependency;
			target = 2E81FC801C5B9C4000387A8B /* FJKit */;
			targetProxy = 2E81FCA61C5B9C4000387A8B /* PBXContainerItemProxy */;
		};
/* End PBXTargetDependency section */

/* Begin PBXVariantGroup section */
		2E81FC8D1C5B9C4000387A8B /* Main.storyboard */ = {
			isa = PBXVariantGroup;
			children = (
				2E81FC8E1C5B9C4000387A8B /* Base */,
			);
			name = Main.storyboard;
			sourceTree = "<group>";
		};
		2E81FC921C5B9C4000387A8B /* LaunchScreen.storyboard */ = {
			isa = PBXVariantGroup;
			children = (
				2E81FC931C5B9C4000387A8B /* Base */,
			);
			name = LaunchScreen.storyboard;
			sourceTree = "<group>";
		};
/* End PBXVariantGroup section */

/* Begin XCBuildConfiguration section */
		2E81FCAC1C5B9C4000387A8B /* Debug */ = {
			isa = XCBuildConfiguration;
			buildSettings = {
				ALWAYS_SEARCH_USER_PATHS = NO;
				CLANG_CXX_LANGUAGE_STANDARD = "gnu++0x";
				CLANG_CXX_LIBRARY = "libc++";
				CLANG_ENABLE_MODULES = YES;
				CLANG_ENABLE_OBJC_ARC = YES;
				CLANG_WARN_BOOL_CONVERSION = YES;
				CLANG_WARN_CONSTANT_CONVERSION = YES;
				CLANG_WARN_DIRECT_OBJC_ISA_USAGE = YES_ERROR;
				CLANG_WARN_EMPTY_BODY = YES;
				CLANG_WARN_ENUM_CONVERSION = YES;
				CLANG_WARN_INT_CONVERSION = YES;
				CLANG_WARN_OBJC_ROOT_CLASS = YES_ERROR;
				CLANG_WARN_UNREACHABLE_CODE = YES;
				CLANG_WARN__DUPLICATE_METHOD_MATCH = YES;
				"CODE_SIGN_IDENTITY[sdk=iphoneos*]" = "iPhone Developer";
				COPY_PHASE_STRIP = NO;
				DEBUG_INFORMATION_FORMAT = dwarf;
				ENABLE_STRICT_OBJC_MSGSEND = YES;
				ENABLE_TESTABILITY = YES;
				GCC_C_LANGUAGE_STANDARD = gnu99;
				GCC_DYNAMIC_NO_PIC = NO;
				GCC_NO_COMMON_BLOCKS = YES;
				GCC_OPTIMIZATION_LEVEL = 0;
				GCC_PREPROCESSOR_DEFINITIONS = (
					"DEBUG=1",
					"$(inherited)",
				);
				GCC_WARN_64_TO_32_BIT_CONVERSION = YES;
				GCC_WARN_ABOUT_RETURN_TYPE = YES_ERROR;
				GCC_WARN_UNDECLARED_SELECTOR = YES;
				GCC_WARN_UNINITIALIZED_AUTOS = YES_AGGRESSIVE;
				GCC_WARN_UNUSED_FUNCTION = YES;
				GCC_WARN_UNUSED_VARIABLE = YES;
				IPHONEOS_DEPLOYMENT_TARGET = 9.2;
				MTL_ENABLE_DEBUG_INFO = YES;
				ONLY_ACTIVE_ARCH = YES;
				SDKROOT = iphoneos;
				TARGETED_DEVICE_FAMILY = "1,2";
			};
			name = Debug;
		};
		2E81FCAD1C5B9C4000387A8B /* Release */ = {
			isa = XCBuildConfiguration;
			buildSettings = {
				ALWAYS_SEARCH_USER_PATHS = NO;
				CLANG_CXX_LANGUAGE_STANDARD = "gnu++0x";
				CLANG_CXX_LIBRARY = "libc++";
				CLANG_ENABLE_MODULES = YES;
				CLANG_ENABLE_OBJC_ARC = YES;
				CLANG_WARN_BOOL_CONVERSION = YES;
				CLANG_WARN_CONSTANT_CONVERSION = YES;
				CLANG_WARN_DIRECT_OBJC_ISA_USAGE = YES_ERROR;
				CLANG_WARN_EMPTY_BODY = YES;
				CLANG_WARN_ENUM_CONVERSION = YES;
				CLANG_WARN_INT_CONVERSION = YES;
				CLANG_WARN_OBJC_ROOT_CLASS = YES_ERROR;
				CLANG_WARN_UNREACHABLE_CODE = YES;
				CLANG_WARN__DUPLICATE_METHOD_MATCH = YES;
				"CODE_SIGN_IDENTITY[sdk=iphoneos*]" = "iPhone Developer";
				COPY_PHASE_STRIP = NO;
				DEBUG_INFORMATION_FORMAT = "dwarf-with-dsym";
				ENABLE_NS_ASSERTIONS = NO;
				ENABLE_STRICT_OBJC_MSGSEND = YES;
				GCC_C_LANGUAGE_STANDARD = gnu99;
				GCC_NO_COMMON_BLOCKS = YES;
				GCC_WARN_64_TO_32_BIT_CONVERSION = YES;
				GCC_WARN_ABOUT_RETURN_TYPE = YES_ERROR;
				GCC_WARN_UNDECLARED_SELECTOR = YES;
				GCC_WARN_UNINITIALIZED_AUTOS = YES_AGGRESSIVE;
				GCC_WARN_UNUSED_FUNCTION = YES;
				GCC_WARN_UNUSED_VARIABLE = YES;
				IPHONEOS_DEPLOYMENT_TARGET = 9.2;
				MTL_ENABLE_DEBUG_INFO = NO;
				SDKROOT = iphoneos;
				TARGETED_DEVICE_FAMILY = "1,2";
				VALIDATE_PRODUCT = YES;
			};
			name = Release;
		};
		2E81FCAF1C5B9C4000387A8B /* Debug */ = {
			isa = XCBuildConfiguration;
			buildSettings = {
				ASSETCATALOG_COMPILER_APPICON_NAME = AppIcon;
				INFOPLIST_FILE = FJKit/Info.plist;
				LD_RUNPATH_SEARCH_PATHS = "$(inherited) @executable_path/Frameworks";
				PRODUCT_BUNDLE_IDENTIFIER = JohnGump.FJKit;
				PRODUCT_NAME = "$(TARGET_NAME)";
			};
			name = Debug;
		};
		2E81FCB01C5B9C4000387A8B /* Release */ = {
			isa = XCBuildConfiguration;
			buildSettings = {
				ASSETCATALOG_COMPILER_APPICON_NAME = AppIcon;
				INFOPLIST_FILE = FJKit/Info.plist;
				LD_RUNPATH_SEARCH_PATHS = "$(inherited) @executable_path/Frameworks";
				PRODUCT_BUNDLE_IDENTIFIER = JohnGump.FJKit;
				PRODUCT_NAME = "$(TARGET_NAME)";
			};
			name = Release;
		};
		2E81FCB21C5B9C4000387A8B /* Debug */ = {
			isa = XCBuildConfiguration;
			buildSettings = {
				BUNDLE_LOADER = "$(TEST_HOST)";
				INFOPLIST_FILE = FJKitTests/Info.plist;
				LD_RUNPATH_SEARCH_PATHS = "$(inherited) @executable_path/Frameworks @loader_path/Frameworks";
				PRODUCT_BUNDLE_IDENTIFIER = JohnGump.FJKitTests;
				PRODUCT_NAME = "$(TARGET_NAME)";
				TEST_HOST = "$(BUILT_PRODUCTS_DIR)/FJKit.app/FJKit";
			};
			name = Debug;
		};
		2E81FCB31C5B9C4000387A8B /* Release */ = {
			isa = XCBuildConfiguration;
			buildSettings = {
				BUNDLE_LOADER = "$(TEST_HOST)";
				INFOPLIST_FILE = FJKitTests/Info.plist;
				LD_RUNPATH_SEARCH_PATHS = "$(inherited) @executable_path/Frameworks @loader_path/Frameworks";
				PRODUCT_BUNDLE_IDENTIFIER = JohnGump.FJKitTests;
				PRODUCT_NAME = "$(TARGET_NAME)";
				TEST_HOST = "$(BUILT_PRODUCTS_DIR)/FJKit.app/FJKit";
			};
			name = Release;
		};
		2E81FCB51C5B9C4000387A8B /* Debug */ = {
			isa = XCBuildConfiguration;
			buildSettings = {
				INFOPLIST_FILE = FJKitUITests/Info.plist;
				LD_RUNPATH_SEARCH_PATHS = "$(inherited) @executable_path/Frameworks @loader_path/Frameworks";
				PRODUCT_BUNDLE_IDENTIFIER = JohnGump.FJKitUITests;
				PRODUCT_NAME = "$(TARGET_NAME)";
				TEST_TARGET_NAME = FJKit;
				USES_XCTRUNNER = YES;
			};
			name = Debug;
		};
		2E81FCB61C5B9C4000387A8B /* Release */ = {
			isa = XCBuildConfiguration;
			buildSettings = {
				INFOPLIST_FILE = FJKitUITests/Info.plist;
				LD_RUNPATH_SEARCH_PATHS = "$(inherited) @executable_path/Frameworks @loader_path/Frameworks";
				PRODUCT_BUNDLE_IDENTIFIER = JohnGump.FJKitUITests;
				PRODUCT_NAME = "$(TARGET_NAME)";
				TEST_TARGET_NAME = FJKit;
				USES_XCTRUNNER = YES;
			};
			name = Release;
		};
/* End XCBuildConfiguration section */

/* Begin XCConfigurationList section */
		2E81FC7C1C5B9C4000387A8B /* Build configuration list for PBXProject "FJKit" */ = {
			isa = XCConfigurationList;
			buildConfigurations = (
				2E81FCAC1C5B9C4000387A8B /* Debug */,
				2E81FCAD1C5B9C4000387A8B /* Release */,
			);
			defaultConfigurationIsVisible = 0;
			defaultConfigurationName = Release;
		};
		2E81FCAE1C5B9C4000387A8B /* Build configuration list for PBXNativeTarget "FJKit" */ = {
			isa = XCConfigurationList;
			buildConfigurations = (
				2E81FCAF1C5B9C4000387A8B /* Debug */,
				2E81FCB01C5B9C4000387A8B /* Release */,
			);
			defaultConfigurationIsVisible = 0;
			defaultConfigurationName = Release;
		};
		2E81FCB11C5B9C4000387A8B /* Build configuration list for PBXNativeTarget "FJKitTests" */ = {
			isa = XCConfigurationList;
			buildConfigurations = (
				2E81FCB21C5B9C4000387A8B /* Debug */,
				2E81FCB31C5B9C4000387A8B /* Release */,
			);
			defaultConfigurationIsVisible = 0;
			defaultConfigurationName = Release;
		};
		2E81FCB41C5B9C4000387A8B /* Build configuration list for PBXNativeTarget "FJKitUITests" */ = {
			isa = XCConfigurationList;
			buildConfigurations = (
				2E81FCB51C5B9C4000387A8B /* Debug */,
				2E81FCB61C5B9C4000387A8B /* Release */,
			);
			defaultConfigurationIsVisible = 0;
			defaultConfigurationName = Release;
		};
/* End XCConfigurationList section */
	};
	rootObject = 2E81FC791C5B9C4000387A8B /* Project object */;
}
